// !$*UTF8*$!
{
	archiveVersion = 1;
	classes = {
	};
	objectVersion = 77;
	objects = {

/* Begin PBXBuildFile section */
		DA5124C02F2F807100C61F86 /* NetworkExtension.framework in Frameworks */ = {isa = PBXBuildFile; fileRef = DA5124C12F2F807100C61F86 /* NetworkExtension.framework */; };
		DA5124D02F2F807100C61F86 /* PacketTunnelProvider.swift in Sources */ = {isa = PBXBuildFile; fileRef = DA5124D22F2F807100C61F86 /* PacketTunnelProvider.swift */; };
		DA5124D12F2F807100C61F86 /* imkolganov.DataGateMac.PacketTunnel.systemextension in Embed System Extensions */ = {isa = PBXBuildFile; fileRef = DA5124D52F2F807100C61F86 /* imkolganov.DataGateMac.PacketTunnel.systemextension */; settings = {ATTRIBUTES = (RemoveHeadersOnCopy, ); }; };
		DA5124DB2F2F807100C61F86 /* NetworkExtension.framework in Frameworks */ = {isa = PBXBuildFile; fileRef = DA5124C12F2F807100C61F86 /* NetworkExtension.framework */; };
		DA5124E32F2F807100C61F86 /* WSSBridge.swift in Sources */ = {isa = PBXBuildFile; fileRef = DA5124E22F2F807100C61F86 /* WSSBridge.swift */; };
		DA5124E52F2F807100C61F86 /* Network.framework in Frameworks */ = {isa = PBXBuildFile; fileRef = DA5124E42F2F807100C61F86 /* Network.framework */; };
		DA5124E62F2F807100C61F86 /* PacketFlowBridge.swift in Sources */ = {isa = PBXBuildFile; fileRef = DA5124E72F2F807100C61F86 /* PacketFlowBridge.swift */; };
		DA5124F12F2F807100C61F86 /* ExtensionLogWriter.swift in Sources */ = {isa = PBXBuildFile; fileRef = DA5124F02F2F807100C61F86 /* ExtensionLogWriter.swift */; };
		DA7F10012FD3022200A1B2C3 /* SystemConfiguration.framework in Frameworks */ = {isa = PBXBuildFile; fileRef = DA7F10002FD3022200A1B2C3 /* SystemConfiguration.framework */; };
		DAB100012FD3000100A1B2C3 /* OpenVPNRunnerBridge.mm in Sources */ = {isa = PBXBuildFile; fileRef = DAB100042FD3000100A1B2C3 /* OpenVPNRunnerBridge.mm */; };
		DAB100022FD3000100A1B2C3 /* libovpn3-core.a in Frameworks */ = {isa = PBXBuildFile; fileRef = DAB100062FD3000100A1B2C3 /* libovpn3-core.a */; };
		DAB100092FD3000100A1B2C3 /* libjsoncpp.a in Frameworks */ = {isa = PBXBuildFile; fileRef = DAB100072FD3000100A1B2C3 /* libjsoncpp.a */; };
		DAB200022FD4000100A1B2C3 /* SystemExtensionMain.swift in Sources */ = {isa = PBXBuildFile; fileRef = DAB200012FD4000100A1B2C3 /* SystemExtensionMain.swift */; };
		DAB200042FD4000100A1B2C3 /* SystemExtensions.framework in Frameworks */ = {isa = PBXBuildFile; fileRef = DAB200032FD4000100A1B2C3 /* SystemExtensions.framework */; };
		DA5T00022F5000100C61F86 /* VpnProfileMigrationPolicyTests.swift in Sources */ = {isa = PBXBuildFile; fileRef = DA5T00012F5000100C61F86 /* VpnProfileMigrationPolicyTests.swift */; };
/* End PBXBuildFile section */

/* Begin PBXContainerItemProxy section */
		DA5124DD2F2F807100C61F86 /* PBXContainerItemProxy */ = {
			isa = PBXContainerItemProxy;
			containerPortal = DA5124A12F2F807100C61F86 /* Project object */;
			proxyType = 1;
			remoteGlobalIDString = DA5124DA2F2F807100C61F86;
			remoteInfo = DataGateMacPacketTunnel;
		};
		DA5T00072F5000100C61F86 /* PBXContainerItemProxy */ = {
			isa = PBXContainerItemProxy;
			containerPortal = DA5124A12F2F807100C61F86 /* Project object */;
			proxyType = 1;
			remoteGlobalIDString = DA5124A82F2F807100C61F86;
			remoteInfo = DataGateMac;
		};
/* End PBXContainerItemProxy section */

/* Begin PBXCopyFilesBuildPhase section */
		DA5124DC2F2F807100C61F86 /* Embed System Extensions */ = {
			isa = PBXCopyFilesBuildPhase;
			buildActionMask = 2147483647;
			dstPath = "$(SYSTEM_EXTENSIONS_FOLDER_PATH)";
			dstSubfolderSpec = 16;
			files = (
				DA5124D12F2F807100C61F86 /* imkolganov.DataGateMac.PacketTunnel.systemextension in Embed System Extensions */,
			);
			name = "Embed System Extensions";
			runOnlyForDeploymentPostprocessing = 0;
		};
/* End PBXCopyFilesBuildPhase section */

/* Begin PBXFileReference section */
		DA5124A92F2F807100C61F86 /* DataGateMac.app */ = {isa = PBXFileReference; explicitFileType = wrapper.application; includeInIndex = 0; path = DataGateMac.app; sourceTree = BUILT_PRODUCTS_DIR; };
		DA5124C12F2F807100C61F86 /* NetworkExtension.framework */ = {isa = PBXFileReference; lastKnownFileType = wrapper.framework; name = NetworkExtension.framework; path = System/Library/Frameworks/NetworkExtension.framework; sourceTree = SDKROOT; };
		DA5124D22F2F807100C61F86 /* PacketTunnelProvider.swift */ = {isa = PBXFileReference; lastKnownFileType = sourcecode.swift; path = PacketTunnelProvider.swift; sourceTree = "<group>"; };
		DA5124D32F2F807100C61F86 /* Info.plist */ = {isa = PBXFileReference; lastKnownFileType = text.plist.xml; path = Info.plist; sourceTree = "<group>"; };
		DA5124D42F2F807100C61F86 /* DataGateMacPacketTunnel.entitlements */ = {isa = PBXFileReference; lastKnownFileType = text.plist.entitlements; path = DataGateMacPacketTunnel.entitlements; sourceTree = "<group>"; };
		DA5124D52F2F807100C61F86 /* imkolganov.DataGateMac.PacketTunnel.systemextension */ = {isa = PBXFileReference; explicitFileType = "wrapper.system-extension"; includeInIndex = 0; path = imkolganov.DataGateMac.PacketTunnel.systemextension; sourceTree = BUILT_PRODUCTS_DIR; };
		DA5124E22F2F807100C61F86 /* WSSBridge.swift */ = {isa = PBXFileReference; lastKnownFileType = sourcecode.swift; path = WSSBridge.swift; sourceTree = "<group>"; };
		DA5124E42F2F807100C61F86 /* Network.framework */ = {isa = PBXFileReference; lastKnownFileType = wrapper.framework; name = Network.framework; path = System/Library/Frameworks/Network.framework; sourceTree = SDKROOT; };
		DA5124E72F2F807100C61F86 /* PacketFlowBridge.swift */ = {isa = PBXFileReference; lastKnownFileType = sourcecode.swift; path = PacketFlowBridge.swift; sourceTree = "<group>"; };
		DA5124F02F2F807100C61F86 /* ExtensionLogWriter.swift */ = {isa = PBXFileReference; lastKnownFileType = sourcecode.swift; path = ExtensionLogWriter.swift; sourceTree = "<group>"; };
		DA7F10002FD3022200A1B2C3 /* SystemConfiguration.framework */ = {isa = PBXFileReference; lastKnownFileType = wrapper.framework; name = SystemConfiguration.framework; path = System/Library/Frameworks/SystemConfiguration.framework; sourceTree = SDKROOT; };
		DAB100032FD3000100A1B2C3 /* OpenVPNRunnerBridge.h */ = {isa = PBXFileReference; lastKnownFileType = sourcecode.c.h; path = OpenVPNRunnerBridge.h; sourceTree = "<group>"; };
		DAB100042FD3000100A1B2C3 /* OpenVPNRunnerBridge.mm */ = {isa = PBXFileReference; lastKnownFileType = sourcecode.cpp.objcpp; path = OpenVPNRunnerBridge.mm; sourceTree = "<group>"; };
		DAB100052FD3000100A1B2C3 /* DataGateMacPacketTunnel-Bridging-Header.h */ = {isa = PBXFileReference; lastKnownFileType = sourcecode.c.h; path = "DataGateMacPacketTunnel-Bridging-Header.h"; sourceTree = "<group>"; };
		DAB100062FD3000100A1B2C3 /* libovpn3-core.a */ = {isa = PBXFileReference; lastKnownFileType = archive.ar; name = "libovpn3-core.a"; path = "../build-engine/libovpn3-core.a"; sourceTree = SOURCE_ROOT; };
		DAB100072FD3000100A1B2C3 /* libjsoncpp.a */ = {isa = PBXFileReference; lastKnownFileType = archive.ar; name = libjsoncpp.a; path = "../build-engine/libjsoncpp.a"; sourceTree = SOURCE_ROOT; };
		DAB200012FD4000100A1B2C3 /* SystemExtensionMain.swift */ = {isa = PBXFileReference; lastKnownFileType = sourcecode.swift; path = SystemExtensionMain.swift; sourceTree = "<group>"; };
		DAB200032FD4000100A1B2C3 /* SystemExtensions.framework */ = {isa = PBXFileReference; lastKnownFileType = wrapper.framework; name = SystemExtensions.framework; path = System/Library/Frameworks/SystemExtensions.framework; sourceTree = SDKROOT; };
		DA5T00012F5000100C61F86 /* VpnProfileMigrationPolicyTests.swift */ = {isa = PBXFileReference; lastKnownFileType = sourcecode.swift; path = VpnProfileMigrationPolicyTests.swift; sourceTree = "<group>"; };
		DA5T00062F5000100C61F86 /* DataGateMacTests.xctest */ = {isa = PBXFileReference; explicitFileType = wrapper.cfbundle; includeInIndex = 0; path = DataGateMacTests.xctest; sourceTree = BUILT_PRODUCTS_DIR; };
/* End PBXFileReference section */

/* Begin PBXFileSystemSynchronizedRootGroup section */
		DA5124AB2F2F807100C61F86 /* DataGateMac */ = {
			isa = PBXFileSystemSynchronizedRootGroup;
			path = DataGateMac;
			sourceTree = "<group>";
		};
/* End PBXFileSystemSynchronizedRootGroup section */

/* Begin PBXFrameworksBuildPhase section */
		DA5124A62F2F807100C61F86 /* Frameworks */ = {
			isa = PBXFrameworksBuildPhase;
			buildActionMask = 2147483647;
			files = (
				DA5124C02F2F807100C61F86 /* NetworkExtension.framework in Frameworks */,
				DAB200042FD4000100A1B2C3 /* SystemExtensions.framework in Frameworks */,
			);
			runOnlyForDeploymentPostprocessing = 0;
		};
		DA5124D72F2F807100C61F86 /* Frameworks */ = {
			isa = PBXFrameworksBuildPhase;
			buildActionMask = 2147483647;
			files = (
				DA5124DB2F2F807100C61F86 /* NetworkExtension.framework in Frameworks */,
				DA5124E52F2F807100C61F86 /* Network.framework in Frameworks */,
				DA7F10012FD3022200A1B2C3 /* SystemConfiguration.framework in Frameworks */,
				DAB100022FD3000100A1B2C3 /* libovpn3-core.a in Frameworks */,
				DAB100092FD3000100A1B2C3 /* libjsoncpp.a in Frameworks */,
			);
			runOnlyForDeploymentPostprocessing = 0;
		};
		DA5T00052F5000100C61F86 /* Frameworks */ = {
			isa = PBXFrameworksBuildPhase;
			buildActionMask = 2147483647;
			files = (
			);
			runOnlyForDeploymentPostprocessing = 0;
		};
/* End PBXFrameworksBuildPhase section */

/* Begin PBXGroup section */
		DA5124A02F2F807100C61F86 = {
			isa = PBXGroup;
			children = (
				DA5124AB2F2F807100C61F86 /* DataGateMac */,
				DA5T00092F5000100C61F86 /* DataGateMacTests */,
				DA5124D62F2F807100C61F86 /* DataGateMacPacketTunnel */,
				DA5124AA2F2F807100C61F86 /* Products */,
				DA90C0302F478CAA0035B507 /* Recovered References */,
			);
			sourceTree = "<group>";
		};
		DA5T00092F5000100C61F86 /* DataGateMacTests */ = {
			isa = PBXGroup;
			children = (
				DA5T00012F5000100C61F86 /* VpnProfileMigrationPolicyTests.swift */,
			);
			path = DataGateMacTests;
			sourceTree = "<group>";
		};
		DA5124AA2F2F807100C61F86 /* Products */ = {
			isa = PBXGroup;
			children = (
				DA5124A92F2F807100C61F86 /* DataGateMac.app */,
				DA5124D52F2F807100C61F86 /* imkolganov.DataGateMac.PacketTunnel.systemextension */,
				DA5T00062F5000100C61F86 /* DataGateMacTests.xctest */,
			);
			name = Products;
			sourceTree = "<group>";
		};
		DA5124D62F2F807100C61F86 /* DataGateMacPacketTunnel */ = {
			isa = PBXGroup;
			children = (
				DA5124D22F2F807100C61F86 /* PacketTunnelProvider.swift */,
				DAB200012FD4000100A1B2C3 /* SystemExtensionMain.swift */,
				DA5124E22F2F807100C61F86 /* WSSBridge.swift */,
				DA5124E72F2F807100C61F86 /* PacketFlowBridge.swift */,
				DA5124F02F2F807100C61F86 /* ExtensionLogWriter.swift */,
				DAB100032FD3000100A1B2C3 /* OpenVPNRunnerBridge.h */,
				DAB100042FD3000100A1B2C3 /* OpenVPNRunnerBridge.mm */,
				DAB100052FD3000100A1B2C3 /* DataGateMacPacketTunnel-Bridging-Header.h */,
				DA5124D32F2F807100C61F86 /* Info.plist */,
				DA5124D42F2F807100C61F86 /* DataGateMacPacketTunnel.entitlements */,
			);
			path = DataGateMacPacketTunnel;
			sourceTree = "<group>";
		};
		DA90C0302F478CAA0035B507 /* Recovered References */ = {
			isa = PBXGroup;
			children = (
				DA5124C12F2F807100C61F86 /* NetworkExtension.framework */,
				DA5124E42F2F807100C61F86 /* Network.framework */,
				DA7F10002FD3022200A1B2C3 /* SystemConfiguration.framework */,
				DAB100062FD3000100A1B2C3 /* libovpn3-core.a */,
				DAB100072FD3000100A1B2C3 /* libjsoncpp.a */,
				DAB200032FD4000100A1B2C3 /* SystemExtensions.framework */,
			);
			name = "Recovered References";
			sourceTree = "<group>";
		};
/* End PBXGroup section */

/* Begin PBXNativeTarget section */
		DA5124A82F2F807100C61F86 /* DataGateMac */ = {
			isa = PBXNativeTarget;
			buildConfigurationList = DA5124B42F2F807400C61F86 /* Build configuration list for PBXNativeTarget "DataGateMac" */;
			buildPhases = (
				DA5124A52F2F807100C61F86 /* Sources */,
				DA5124A62F2F807100C61F86 /* Frameworks */,
				DA5124A72F2F807100C61F86 /* Resources */,
				DA5124DC2F2F807100C61F86 /* Embed System Extensions */,
				DAB1A1AA2FD2B00100A1B2C3 /* Install Debug App to User Applications */,
			);
			buildRules = (
			);
			dependencies = (
				DA5124DE2F2F807100C61F86 /* PBXTargetDependency */,
			);
			fileSystemSynchronizedGroups = (
				DA5124AB2F2F807100C61F86 /* DataGateMac */,
			);
			name = DataGateMac;
			packageProductDependencies = (
			);
			productName = DataGateMac;
			productReference = DA5124A92F2F807100C61F86 /* DataGateMac.app */;
			productType = "com.apple.product-type.application";
		};
		DA5124DA2F2F807100C61F86 /* DataGateMacPacketTunnel */ = {
			isa = PBXNativeTarget;
			buildConfigurationList = DA5124DF2F2F807100C61F86 /* Build configuration list for PBXNativeTarget "DataGateMacPacketTunnel" */;
			buildPhases = (
				DA5124D82F2F807100C61F86 /* Sources */,
				DA5124D72F2F807100C61F86 /* Frameworks */,
				DA5124D92F2F807100C61F86 /* Resources */,
			);
			buildRules = (
			);
			dependencies = (
			);
			name = DataGateMacPacketTunnel;
			productName = DataGateMacPacketTunnel;
			productReference = DA5124D52F2F807100C61F86 /* imkolganov.DataGateMac.PacketTunnel.systemextension */;
			productType = "com.apple.product-type.system-extension";
		};
		DA5T00032F5000100C61F86 /* DataGateMacTests */ = {
			isa = PBXNativeTarget;
			buildConfigurationList = DA5T000C2F5000100C61F86 /* Build configuration list for PBXNativeTarget "DataGateMacTests" */;
			buildPhases = (
				DA5T00042F5000100C61F86 /* Sources */,
				DA5T00052F5000100C61F86 /* Frameworks */,
			);
			buildRules = (
			);
			dependencies = (
				DA5T00082F5000100C61F86 /* PBXTargetDependency */,
			);
			name = DataGateMacTests;
			productName = DataGateMacTests;
			productReference = DA5T00062F5000100C61F86 /* DataGateMacTests.xctest */;
			productType = "com.apple.product-type.bundle.unit-test";
		};
/* End PBXNativeTarget section */

/* Begin PBXProject section */
		DA5124A12F2F807100C61F86 /* Project object */ = {
			isa = PBXProject;
			attributes = {
				BuildIndependentTargetsInParallel = 1;
				LastSwiftUpdateCheck = 2620;
				LastUpgradeCheck = 2620;
				TargetAttributes = {
					DA5124A82F2F807100C61F86 = {
						CreatedOnToolsVersion = 26.2;
					};
					DA5124DA2F2F807100C61F86 = {
						CreatedOnToolsVersion = 26.2;
					};
					DA5T00032F5000100C61F86 = {
						CreatedOnToolsVersion = 26.2;
						TestTargetID = DA5124A82F2F807100C61F86;
					};
				};
			};
			buildConfigurationList = DA5124A42F2F807100C61F86 /* Build configuration list for PBXProject "DataGateMac" */;
			developmentRegion = en;
			hasScannedForEncodings = 0;
			knownRegions = (
				ar,
				Base,
				bg,
				cs,
				da,
				de,
				el,
				en,
				es,
				"es-MX",
				et,
				"fa-IR",
				fi,
				fil,
				fr,
				ga,
				"hi-IN",
				hr,
				hu,
				id,
				it,
				ja,
				ko,
				lt,
				lv,
				mt,
				nl,
				pl,
				pt,
				"pt-BR",
				ro,
				ru,
				sk,
				sl,
				sv,
				th,
				tr,
				uk,
				vi,
				"zh-Hans",
				"zh-Hant",
			);
			mainGroup = DA5124A02F2F807100C61F86;
			minimizedProjectReferenceProxies = 1;
			preferredProjectObjectVersion = 77;
			productRefGroup = DA5124AA2F2F807100C61F86 /* Products */;
			projectDirPath = "";
			projectRoot = "";
			targets = (
				DA5124A82F2F807100C61F86 /* DataGateMac */,
				DA5124DA2F2F807100C61F86 /* DataGateMacPacketTunnel */,
				DA5T00032F5000100C61F86 /* DataGateMacTests */,
			);
		};
/* End PBXProject section */

/* Begin PBXResourcesBuildPhase section */
		DA5124A72F2F807100C61F86 /* Resources */ = {
			isa = PBXResourcesBuildPhase;
			buildActionMask = 2147483647;
			files = (
			);
			runOnlyForDeploymentPostprocessing = 0;
		};
		DA5124D92F2F807100C61F86 /* Resources */ = {
			isa = PBXResourcesBuildPhase;
			buildActionMask = 2147483647;
			files = (
			);
			runOnlyForDeploymentPostprocessing = 0;
		};
/* End PBXResourcesBuildPhase section */

/* Begin PBXShellScriptBuildPhase section */
		DAB1A1AA2FD2B00100A1B2C3 /* Install Debug App to User Applications */ = {
			isa = PBXShellScriptBuildPhase;
			alwaysOutOfDate = 1;
			buildActionMask = 2147483647;
			files = (
			);
			inputFileListPaths = (
			);
			inputPaths = (
				"$(TARGET_BUILD_DIR)/$(FULL_PRODUCT_NAME)",
			);
			name = "Install Debug App to User Applications";
			outputFileListPaths = (
			);
			outputPaths = (
			);
			runOnlyForDeploymentPostprocessing = 0;
			shellPath = /bin/bash;
			shellScript = "\"${PROJECT_DIR}/../scripts/install-debug-app.sh\"\n";
		};
/* End PBXShellScriptBuildPhase section */

/* Begin PBXSourcesBuildPhase section */
		DA5124A52F2F807100C61F86 /* Sources */ = {
			isa = PBXSourcesBuildPhase;
			buildActionMask = 2147483647;
			files = (
			);
			runOnlyForDeploymentPostprocessing = 0;
		};
		DA5124D82F2F807100C61F86 /* Sources */ = {
			isa = PBXSourcesBuildPhase;
			buildActionMask = 2147483647;
			files = (
				DAB200022FD4000100A1B2C3 /* SystemExtensionMain.swift in Sources */,
				DA5124D02F2F807100C61F86 /* PacketTunnelProvider.swift in Sources */,
				DA5124E32F2F807100C61F86 /* WSSBridge.swift in Sources */,
				DA5124E62F2F807100C61F86 /* PacketFlowBridge.swift in Sources */,
				DA5124F12F2F807100C61F86 /* ExtensionLogWriter.swift in Sources */,
				DAB100012FD3000100A1B2C3 /* OpenVPNRunnerBridge.mm in Sources */,
			);
			runOnlyForDeploymentPostprocessing = 0;
		};
		DA5T00042F5000100C61F86 /* Sources */ = {
			isa = PBXSourcesBuildPhase;
			buildActionMask = 2147483647;
			files = (
				DA5T00022F5000100C61F86 /* VpnProfileMigrationPolicyTests.swift in Sources */,
			);
			runOnlyForDeploymentPostprocessing = 0;
		};
/* End PBXSourcesBuildPhase section */

/* Begin PBXTargetDependency section */
		DA5124DE2F2F807100C61F86 /* PBXTargetDependency */ = {
			isa = PBXTargetDependency;
			target = DA5124DA2F2F807100C61F86 /* DataGateMacPacketTunnel */;
			targetProxy = DA5124DD2F2F807100C61F86 /* PBXContainerItemProxy */;
		};
		DA5T00082F5000100C61F86 /* PBXTargetDependency */ = {
			isa = PBXTargetDependency;
			target = DA5124A82F2F807100C61F86 /* DataGateMac */;
			targetProxy = DA5T00072F5000100C61F86 /* PBXContainerItemProxy */;
		};
/* End PBXTargetDependency section */

/* Begin XCBuildConfiguration section */
		DA5124B22F2F807400C61F86 /* Debug */ = {
			isa = XCBuildConfiguration;
			buildSettings = {
				ALWAYS_SEARCH_USER_PATHS = NO;
				ASSETCATALOG_COMPILER_GENERATE_SWIFT_ASSET_SYMBOL_EXTENSIONS = YES;
				CLANG_ANALYZER_NONNULL = YES;
				CLANG_ANALYZER_NUMBER_OBJECT_CONVERSION = YES_AGGRESSIVE;
				CLANG_CXX_LANGUAGE_STANDARD = "gnu++20";
				CLANG_ENABLE_MODULES = YES;
				CLANG_ENABLE_OBJC_ARC = YES;
				CLANG_ENABLE_OBJC_WEAK = YES;
				CLANG_WARN_BLOCK_CAPTURE_AUTORELEASING = YES;
				CLANG_WARN_BOOL_CONVERSION = YES;
				CLANG_WARN_COMMA = YES;
				CLANG_WARN_CONSTANT_CONVERSION = YES;
				CLANG_WARN_DEPRECATED_OBJC_IMPLEMENTATIONS = YES;
				CLANG_WARN_DIRECT_OBJC_ISA_USAGE = YES_ERROR;
				CLANG_WARN_DOCUMENTATION_COMMENTS = YES;
				CLANG_WARN_EMPTY_BODY = YES;
				CLANG_WARN_ENUM_CONVERSION = YES;
				CLANG_WARN_INFINITE_RECURSION = YES;
				CLANG_WARN_INT_CONVERSION = YES;
				CLANG_WARN_NON_LITERAL_NULL_CONVERSION = YES;
				CLANG_WARN_OBJC_IMPLICIT_RETAIN_SELF = YES;
				CLANG_WARN_OBJC_LITERAL_CONVERSION = YES;
				CLANG_WARN_OBJC_ROOT_CLASS = YES_ERROR;
				CLANG_WARN_QUOTED_INCLUDE_IN_FRAMEWORK_HEADER = YES;
				CLANG_WARN_RANGE_LOOP_ANALYSIS = YES;
				CLANG_WARN_STRICT_PROTOTYPES = YES;
				CLANG_WARN_SUSPICIOUS_MOVE = YES;
				CLANG_WARN_UNGUARDED_AVAILABILITY = YES_AGGRESSIVE;
				CLANG_WARN_UNREACHABLE_CODE = YES;
				CLANG_WARN__DUPLICATE_METHOD_MATCH = YES;
				COPY_PHASE_STRIP = NO;
				DEBUG_INFORMATION_FORMAT = dwarf;
				DEVELOPMENT_TEAM = RB28BRDVNP;
				ENABLE_STRICT_OBJC_MSGSEND = YES;
				ENABLE_TESTABILITY = YES;
				ENABLE_USER_SCRIPT_SANDBOXING = YES;
				GCC_C_LANGUAGE_STANDARD = gnu17;
				GCC_DYNAMIC_NO_PIC = NO;
				GCC_NO_COMMON_BLOCKS = YES;
				GCC_OPTIMIZATION_LEVEL = 0;
				GCC_PREPROCESSOR_DEFINITIONS = (
					"DEBUG=1",
					"$(inherited)",
				);
				GCC_WARN_64_TO_32_BIT_CONVERSION = YES;
				GCC_WARN_ABOUT_RETURN_TYPE = YES_ERROR;
				GCC_WARN_UNDECLARED_SELECTOR = YES;
				GCC_WARN_UNINITIALIZED_AUTOS = YES_AGGRESSIVE;
				GCC_WARN_UNUSED_FUNCTION = YES;
				GCC_WARN_UNUSED_VARIABLE = YES;
				LOCALIZATION_PREFERS_STRING_CATALOGS = YES;
				MACOSX_DEPLOYMENT_TARGET = 26.2;
				MTL_ENABLE_DEBUG_INFO = INCLUDE_SOURCE;
				MTL_FAST_MATH = YES;
				ONLY_ACTIVE_ARCH = YES;
				SDKROOT = macosx;
				SWIFT_ACTIVE_COMPILATION_CONDITIONS = "DEBUG $(inherited)";
				SWIFT_OPTIMIZATION_LEVEL = "-Onone";
			};
			name = Debug;
		};
		DA5124B32F2F807400C61F86 /* Release */ = {
			isa = XCBuildConfiguration;
			buildSettings = {
				ALWAYS_SEARCH_USER_PATHS = NO;
				ASSETCATALOG_COMPILER_GENERATE_SWIFT_ASSET_SYMBOL_EXTENSIONS = YES;
				CLANG_ANALYZER_NONNULL = YES;
				CLANG_ANALYZER_NUMBER_OBJECT_CONVERSION = YES_AGGRESSIVE;
				CLANG_CXX_LANGUAGE_STANDARD = "gnu++20";
				CLANG_ENABLE_MODULES = YES;
				CLANG_ENABLE_OBJC_ARC = YES;
				CLANG_ENABLE_OBJC_WEAK = YES;
				CLANG_WARN_BLOCK_CAPTURE_AUTORELEASING = YES;
				CLANG_WARN_BOOL_CONVERSION = YES;
				CLANG_WARN_COMMA = YES;
				CLANG_WARN_CONSTANT_CONVERSION = YES;
				CLANG_WARN_DEPRECATED_OBJC_IMPLEMENTATIONS = YES;
				CLANG_WARN_DIRECT_OBJC_ISA_USAGE = YES_ERROR;
				CLANG_WARN_DOCUMENTATION_COMMENTS = YES;
				CLANG_WARN_EMPTY_BODY = YES;
				CLANG_WARN_ENUM_CONVERSION = YES;
				CLANG_WARN_INFINITE_RECURSION = YES;
				CLANG_WARN_INT_CONVERSION = YES;
				CLANG_WARN_NON_LITERAL_NULL_CONVERSION = YES;
				CLANG_WARN_OBJC_IMPLICIT_RETAIN_SELF = YES;
				CLANG_WARN_OBJC_LITERAL_CONVERSION = YES;
				CLANG_WARN_OBJC_ROOT_CLASS = YES_ERROR;
				CLANG_WARN_QUOTED_INCLUDE_IN_FRAMEWORK_HEADER = YES;
				CLANG_WARN_RANGE_LOOP_ANALYSIS = YES;
				CLANG_WARN_STRICT_PROTOTYPES = YES;
				CLANG_WARN_SUSPICIOUS_MOVE = YES;
				CLANG_WARN_UNGUARDED_AVAILABILITY = YES_AGGRESSIVE;
				CLANG_WARN_UNREACHABLE_CODE = YES;
				CLANG_WARN__DUPLICATE_METHOD_MATCH = YES;
				COPY_PHASE_STRIP = NO;
				DEBUG_INFORMATION_FORMAT = "dwarf-with-dsym";
				DEVELOPMENT_TEAM = RB28BRDVNP;
				ENABLE_NS_ASSERTIONS = NO;
				ENABLE_STRICT_OBJC_MSGSEND = YES;
				ENABLE_USER_SCRIPT_SANDBOXING = YES;
				GCC_C_LANGUAGE_STANDARD = gnu17;
				GCC_NO_COMMON_BLOCKS = YES;
				GCC_WARN_64_TO_32_BIT_CONVERSION = YES;
				GCC_WARN_ABOUT_RETURN_TYPE = YES_ERROR;
				GCC_WARN_UNDECLARED_SELECTOR = YES;
				GCC_WARN_UNINITIALIZED_AUTOS = YES_AGGRESSIVE;
				GCC_WARN_UNUSED_FUNCTION = YES;
				GCC_WARN_UNUSED_VARIABLE = YES;
				LOCALIZATION_PREFERS_STRING_CATALOGS = YES;
				MACOSX_DEPLOYMENT_TARGET = 26.2;
				MTL_ENABLE_DEBUG_INFO = NO;
				MTL_FAST_MATH = YES;
				SDKROOT = macosx;
				SWIFT_COMPILATION_MODE = wholemodule;
			};
			name = Release;
		};
		DA5124B52F2F807400C61F86 /* Debug */ = {
			isa = XCBuildConfiguration;
			buildSettings = {
				ASSETCATALOG_COMPILER_APPICON_NAME = AppIcon;
				ASSETCATALOG_COMPILER_GLOBAL_ACCENT_COLOR_NAME = AccentColor;
				CODE_SIGN_ENTITLEMENTS = DataGateMac/DataGateMac.entitlements;
				CODE_SIGN_STYLE = Automatic;
				COMBINE_HIDPI_IMAGES = YES;
				CURRENT_PROJECT_VERSION = 20;
				DEVELOPMENT_TEAM = RB28BRDVNP;
				ENABLE_APP_SANDBOX = YES;
				ENABLE_HARDENED_RUNTIME = YES;
				ENABLE_PREVIEWS = YES;
				ENABLE_USER_SCRIPT_SANDBOXING = NO;
				GENERATE_INFOPLIST_FILE = YES;
				INFOPLIST_KEY_NSHumanReadableCopyright = "";
				INFOPLIST_KEY_NSSystemExtensionUsageDescription = "DataGateMac installs a VPN network extension to connect securely to your VPN server.";
				LD_RUNPATH_SEARCH_PATHS = (
					"$(inherited)",
					"@executable_path/../Frameworks",
				);
				MARKETING_VERSION = 1.0.2;
				PRODUCT_BUNDLE_IDENTIFIER = imkolganov.DataGateMac;
				PRODUCT_NAME = "$(TARGET_NAME)";
				REGISTER_APP_GROUPS = YES;
				STRING_CATALOG_GENERATE_SYMBOLS = YES;
				SWIFT_APPROACHABLE_CONCURRENCY = YES;
				SWIFT_DEFAULT_ACTOR_ISOLATION = MainActor;
				SWIFT_EMIT_LOC_STRINGS = YES;
				SWIFT_UPCOMING_FEATURE_MEMBER_IMPORT_VISIBILITY = YES;
				SWIFT_VERSION = 5.0;
			};
			name = Debug;
		};
		DA5124B62F2F807400C61F86 /* Release */ = {
			isa = XCBuildConfiguration;
			buildSettings = {
				ASSETCATALOG_COMPILER_APPICON_NAME = AppIcon;
				ASSETCATALOG_COMPILER_GLOBAL_ACCENT_COLOR_NAME = AccentColor;
				CODE_SIGN_ENTITLEMENTS = DataGateMac/DataGateMac.entitlements;
				CODE_SIGN_STYLE = Automatic;
				COMBINE_HIDPI_IMAGES = YES;
				CURRENT_PROJECT_VERSION = 20;
				DEVELOPMENT_TEAM = RB28BRDVNP;
				ENABLE_APP_SANDBOX = YES;
				ENABLE_HARDENED_RUNTIME = YES;
				ENABLE_PREVIEWS = YES;
				ENABLE_USER_SCRIPT_SANDBOXING = NO;
				GENERATE_INFOPLIST_FILE = YES;
				INFOPLIST_KEY_NSHumanReadableCopyright = "";
				INFOPLIST_KEY_NSSystemExtensionUsageDescription = "DataGateMac installs a VPN network extension to connect securely to your VPN server.";
				LD_RUNPATH_SEARCH_PATHS = (
					"$(inherited)",
					"@executable_path/../Frameworks",
				);
				MARKETING_VERSION = 1.0.2;
				PRODUCT_BUNDLE_IDENTIFIER = imkolganov.DataGateMac;
				PRODUCT_NAME = "$(TARGET_NAME)";
				REGISTER_APP_GROUPS = YES;
				STRING_CATALOG_GENERATE_SYMBOLS = YES;
				SWIFT_APPROACHABLE_CONCURRENCY = YES;
				SWIFT_DEFAULT_ACTOR_ISOLATION = MainActor;
				SWIFT_EMIT_LOC_STRINGS = YES;
				SWIFT_UPCOMING_FEATURE_MEMBER_IMPORT_VISIBILITY = YES;
				SWIFT_VERSION = 5.0;
			};
			name = Release;
		};
		DA5124E02F2F807400C61F86 /* Debug */ = {
			isa = XCBuildConfiguration;
			buildSettings = {
				CODE_SIGN_ENTITLEMENTS = DataGateMacPacketTunnel/DataGateMacPacketTunnel.entitlements;
				CODE_SIGN_STYLE = Automatic;
				CURRENT_PROJECT_VERSION = 20;
				DEVELOPMENT_TEAM = RB28BRDVNP;
				ENABLE_APP_SANDBOX = YES;
				ENABLE_DEBUG_DYLIB = NO;
				ENABLE_HARDENED_RUNTIME = YES;
				GCC_PREPROCESSOR_DEFINITIONS = (
					"$(inherited)",
					"OPENVPN_VERSION=\\\"3.12_datagate_mac_$(MARKETING_VERSION)\\\"",
					ASIO_STANDALONE,
					USE_ASIO,
					USE_OPENSSL,
					HAVE_LZ4,
					USE_TUN_BUILDER,
					XXH_EXPORT,
				);
				GENERATE_INFOPLIST_FILE = NO;
				HEADER_SEARCH_PATHS = (
					"$(inherited)",
					"$(PROJECT_DIR)/../openvpn3",
					"$(PROJECT_DIR)/../openvpn3/client",
					"$(HOMEBREW_PREFIX)/include",
					"$(HOMEBREW_PREFIX)/opt/openssl/include",
				);
				HOMEBREW_PREFIX = /opt/homebrew;
				INFOPLIST_FILE = DataGateMacPacketTunnel/Info.plist;
				LD_RUNPATH_SEARCH_PATHS = (
					"$(inherited)",
					"@executable_path/../Frameworks",
					"@executable_path/../../Frameworks",
				);
				LIBRARY_SEARCH_PATHS = (
					"$(inherited)",
					"$(PROJECT_DIR)/../build-engine",
				);
				MARKETING_VERSION = 1.0.2;
				OTHER_CPLUSPLUSFLAGS = (
					"$(inherited)",
					"-std=gnu++20",
					"-Wno-deprecated-declarations",
				);
				OTHER_LDFLAGS = (
					"$(inherited)",
					"-lc++",
					"-Wl,-search_paths_first",
					"$(HOMEBREW_PREFIX)/opt/openssl@3/lib/libssl.a",
					"$(HOMEBREW_PREFIX)/opt/openssl@3/lib/libcrypto.a",
					"$(HOMEBREW_PREFIX)/opt/fmt/lib/libfmt.a",
					"$(HOMEBREW_PREFIX)/opt/lz4/lib/liblz4.a",
					"$(HOMEBREW_PREFIX)/opt/xxhash/lib/libxxhash.a",
					"-lz",
				);
				PRODUCT_BUNDLE_IDENTIFIER = imkolganov.DataGateMac.PacketTunnel;
				PRODUCT_MODULE_NAME = DataGateMacPacketTunnel;
				PRODUCT_NAME = imkolganov.DataGateMac.PacketTunnel;
				SKIP_INSTALL = YES;
				SWIFT_EMIT_LOC_STRINGS = YES;
				SWIFT_OBJC_BRIDGING_HEADER = "DataGateMacPacketTunnel/DataGateMacPacketTunnel-Bridging-Header.h";
				SWIFT_VERSION = 5.0;
				WRAPPER_EXTENSION = systemextension;
			};
			name = Debug;
		};
		DA5124E12F2F807400C61F86 /* Release */ = {
			isa = XCBuildConfiguration;
			buildSettings = {
				CODE_SIGN_ENTITLEMENTS = DataGateMacPacketTunnel/DataGateMacPacketTunnel.entitlements;
				CODE_SIGN_STYLE = Automatic;
				CURRENT_PROJECT_VERSION = 20;
				DEVELOPMENT_TEAM = RB28BRDVNP;
				ENABLE_APP_SANDBOX = YES;
				ENABLE_DEBUG_DYLIB = NO;
				ENABLE_HARDENED_RUNTIME = YES;
				GCC_PREPROCESSOR_DEFINITIONS = (
					"$(inherited)",
					"OPENVPN_VERSION=\\\"3.12_datagate_mac_$(MARKETING_VERSION)\\\"",
					ASIO_STANDALONE,
					USE_ASIO,
					USE_OPENSSL,
					HAVE_LZ4,
					USE_TUN_BUILDER,
					XXH_EXPORT,
				);
				GENERATE_INFOPLIST_FILE = NO;
				HEADER_SEARCH_PATHS = (
					"$(inherited)",
					"$(PROJECT_DIR)/../openvpn3",
					"$(PROJECT_DIR)/../openvpn3/client",
					"$(HOMEBREW_PREFIX)/include",
					"$(HOMEBREW_PREFIX)/opt/openssl/include",
				);
				HOMEBREW_PREFIX = /opt/homebrew;
				INFOPLIST_FILE = DataGateMacPacketTunnel/Info.plist;
				LD_RUNPATH_SEARCH_PATHS = (
					"$(inherited)",
					"@executable_path/../Frameworks",
					"@executable_path/../../Frameworks",
				);
				LIBRARY_SEARCH_PATHS = (
					"$(inherited)",
					"$(PROJECT_DIR)/../build-engine",
				);
				MARKETING_VERSION = 1.0.2;
				OTHER_CPLUSPLUSFLAGS = (
					"$(inherited)",
					"-std=gnu++20",
					"-Wno-deprecated-declarations",
				);
				OTHER_LDFLAGS = (
					"$(inherited)",
					"-lc++",
					"-Wl,-search_paths_first",
					"$(HOMEBREW_PREFIX)/opt/openssl@3/lib/libssl.a",
					"$(HOMEBREW_PREFIX)/opt/openssl@3/lib/libcrypto.a",
					"$(HOMEBREW_PREFIX)/opt/fmt/lib/libfmt.a",
					"$(HOMEBREW_PREFIX)/opt/lz4/lib/liblz4.a",
					"$(HOMEBREW_PREFIX)/opt/xxhash/lib/libxxhash.a",
					"-lz",
				);
				PRODUCT_BUNDLE_IDENTIFIER = imkolganov.DataGateMac.PacketTunnel;
				PRODUCT_MODULE_NAME = DataGateMacPacketTunnel;
				PRODUCT_NAME = imkolganov.DataGateMac.PacketTunnel;
				SKIP_INSTALL = YES;
				SWIFT_EMIT_LOC_STRINGS = YES;
				SWIFT_OBJC_BRIDGING_HEADER = "DataGateMacPacketTunnel/DataGateMacPacketTunnel-Bridging-Header.h";
				SWIFT_VERSION = 5.0;
				WRAPPER_EXTENSION = systemextension;
			};
			name = Release;
		};
		DA5T000A2F5000100C61F86 /* Debug */ = {
			isa = XCBuildConfiguration;
			buildSettings = {
				BUNDLE_LOADER = "$(TEST_HOST)";
				CODE_SIGN_STYLE = Automatic;
				CURRENT_PROJECT_VERSION = 20;
				DEVELOPMENT_TEAM = RB28BRDVNP;
				GENERATE_INFOPLIST_FILE = YES;
				MACOSX_DEPLOYMENT_TARGET = 26.2;
				MARKETING_VERSION = 1.0.2;
				PRODUCT_BUNDLE_IDENTIFIER = imkolganov.DataGateMacTests;
				PRODUCT_NAME = "$(TARGET_NAME)";
				SWIFT_EMIT_LOC_STRINGS = NO;
				SWIFT_VERSION = 5.0;
				TEST_HOST = "$(BUILT_PRODUCTS_DIR)/DataGateMac.app/Contents/MacOS/DataGateMac";
			};
			name = Debug;
		};
		DA5T000B2F5000100C61F86 /* Release */ = {
			isa = XCBuildConfiguration;
			buildSettings = {
				BUNDLE_LOADER = "$(TEST_HOST)";
				CODE_SIGN_STYLE = Automatic;
				CURRENT_PROJECT_VERSION = 20;
				DEVELOPMENT_TEAM = RB28BRDVNP;
				GENERATE_INFOPLIST_FILE = YES;
				MACOSX_DEPLOYMENT_TARGET = 26.2;
				MARKETING_VERSION = 1.0.2;
				PRODUCT_BUNDLE_IDENTIFIER = imkolganov.DataGateMacTests;
				PRODUCT_NAME = "$(TARGET_NAME)";
				SWIFT_EMIT_LOC_STRINGS = NO;
				SWIFT_VERSION = 5.0;
				TEST_HOST = "$(BUILT_PRODUCTS_DIR)/DataGateMac.app/Contents/MacOS/DataGateMac";
			};
			name = Release;
		};
/* End XCBuildConfiguration section */

/* Begin XCConfigurationList section */
		DA5124A42F2F807100C61F86 /* Build configuration list for PBXProject "DataGateMac" */ = {
			isa = XCConfigurationList;
			buildConfigurations = (
				DA5124B22F2F807400C61F86 /* Debug */,
				DA5124B32F2F807400C61F86 /* Release */,
			);
			defaultConfigurationIsVisible = 0;
			defaultConfigurationName = Release;
		};
		DA5124B42F2F807400C61F86 /* Build configuration list for PBXNativeTarget "DataGateMac" */ = {
			isa = XCConfigurationList;
			buildConfigurations = (
				DA5124B52F2F807400C61F86 /* Debug */,
				DA5124B62F2F807400C61F86 /* Release */,
			);
			defaultConfigurationIsVisible = 0;
			defaultConfigurationName = Release;
		};
		DA5124DF2F2F807100C61F86 /* Build configuration list for PBXNativeTarget "DataGateMacPacketTunnel" */ = {
			isa = XCConfigurationList;
			buildConfigurations = (
				DA5124E02F2F807400C61F86 /* Debug */,
				DA5124E12F2F807400C61F86 /* Release */,
			);
			defaultConfigurationIsVisible = 0;
			defaultConfigurationName = Release;
		};
		DA5T000C2F5000100C61F86 /* Build configuration list for PBXNativeTarget "DataGateMacTests" */ = {
			isa = XCConfigurationList;
			buildConfigurations = (
				DA5T000A2F5000100C61F86 /* Debug */,
				DA5T000B2F5000100C61F86 /* Release */,
			);
			defaultConfigurationIsVisible = 0;
			defaultConfigurationName = Release;
		};
/* End XCConfigurationList section */
	};
	rootObject = DA5124A12F2F807100C61F86 /* Project object */;
}
